{
  "version": 4,
  "terraform_version": "1.14.9",
  "serial": 22,
  "lineage": "b2c3d4e5-6f7a-8901-bcde-f23456789012",
  "outputs": {},
  "resources": [
    {
      "mode": "managed",
      "type": "okta_group",
      "name": "engineering",
      "provider": "provider[\"registry.terraform.io/okta/okta\"]",
      "instances": [
        {
          "schema_version": 0,
          "attributes": {
            "description": "Test engineering team group",
            "id": "00g11aaa1111111111698",
            "name": "Test-Engineering"
          },
          "sensitive_attributes": [],
          "private": "bnVsbA=="
        }
      ]
    },
    {
      "mode": "managed",
      "type": "okta_group",
      "name": "marketing",
      "provider": "provider[\"registry.terraform.io/okta/okta\"]",
      "instances": [
        {
          "schema_version": 0,
          "attributes": {
            "description": "Test marketing team group",
            "id": "00g22bbb2222222222698",
            "name": "Test-Marketing"
          },
          "sensitive_attributes": [],
          "private": "bnVsbA=="
        }
      ]
    },
    {
      "mode": "managed",
      "type": "okta_group",
      "name": "contractors",
      "provider": "provider[\"registry.terraform.io/okta/okta\"]",
      "instances": [
        {
          "schema_version": 0,
          "attributes": {
            "description": "Test contractors group",
            "id": "00g33ccc3333333333698",
            "name": "Test-Contractors"
          },
          "sensitive_attributes": [],
          "private": "bnVsbA=="
        }
      ]
    },
    {
      "mode": "managed",
      "type": "okta_group",
      "name": "app_users",
      "provider": "provider[\"registry.terraform.io/okta/okta\"]",
      "instances": [
        {
          "schema_version": 0,
          "attributes": {
            "description": "Test group for app assignments",
            "id": "00g44ddd4444444444698",
            "name": "Test-App-Users"
          },
          "sensitive_attributes": [],
          "private": "bnVsbA=="
        }
      ]
    },
    {
      "mode": "managed",
      "type": "okta_group_memberships",
      "name": "engineering_members",
      "provider": "provider[\"registry.terraform.io/okta/okta\"]",
      "instances": [
        {
          "schema_version": 0,
          "attributes": {
            "group_id": "00g11aaa1111111111698",
            "id": "00g11aaa1111111111698",
            "users": [
              "00uXXXXXXXXXXXXXXX01",
              "00uXXXXXXXXXXXXXXX02"
            ]
          },
          "sensitive_attributes": [],
          "private": "bnVsbA=="
        }
      ]
    },
    {
      "mode": "managed",
      "type": "okta_app_oauth",
      "name": "test_web_app",
      "provider": "provider[\"registry.terraform.io/okta/okta\"]",
      "instances": [
        {
          "schema_version": 0,
          "attributes": {
            "id": "0oa55eee5555555555698",
            "label": "Test Web App",
            "type": "web",
            "grant_types": ["authorization_code"],
            "redirect_uris": ["http://localhost:8080/callback"],
            "post_logout_redirect_uris": ["http://localhost:8080"],
            "response_types": ["code"],
            "token_endpoint_auth_method": "client_secret_basic",
            "status": "ACTIVE"
          },
          "sensitive_attributes": [],
          "private": "bnVsbA=="
        }
      ]
    },
    {
      "mode": "managed",
      "type": "okta_app_oauth",
      "name": "test_spa_app",
      "provider": "provider[\"registry.terraform.io/okta/okta\"]",
      "instances": [
        {
          "schema_version": 0,
          "attributes": {
            "id": "0oa66fff6666666666698",
            "label": "Test SPA App",
            "type": "web",
            "grant_types": ["authorization_code"],
            "redirect_uris": ["http://localhost:3000/callback"],
            "post_logout_redirect_uris": ["http://localhost:3000"],
            "response_types": ["code"],
            "token_endpoint_auth_method": "client_secret_basic",
            "status": "ACTIVE"
          },
          "sensitive_attributes": [],
          "private": "bnVsbA=="
        }
      ]
    },
    {
      "mode": "managed",
      "type": "okta_app_group_assignment",
      "name": "test_web_app_users",
      "provider": "provider[\"registry.terraform.io/okta/okta\"]",
      "instances": [
        {
          "schema_version": 0,
          "attributes": {
            "app_id": "0oa55eee5555555555698",
            "group_id": "00g44ddd4444444444698",
            "id": "0oa55eee5555555555698/00g44ddd4444444444698",
            "priority": 0,
            "retain_assignment": false
          },
          "sensitive_attributes": [],
          "private": "bnVsbA=="
        }
      ]
    },
    {
      "mode": "managed",
      "type": "okta_trusted_origin",
      "name": "test_local",
      "provider": "provider[\"registry.terraform.io/okta/okta\"]",
      "instances": [
        {
          "schema_version": 0,
          "attributes": {
            "id": "ori77ggg7777777777698",
            "name": "Test Local Dev",
            "origin": "http://localhost:3000",
            "scopes": ["CORS", "REDIRECT"],
            "active": true
          },
          "sensitive_attributes": [],
          "private": "bnVsbA=="
        }
      ]
    },
    {
      "mode": "managed",
      "type": "okta_trusted_origin",
      "name": "test_staging",
      "provider": "provider[\"registry.terraform.io/okta/okta\"]",
      "instances": [
        {
          "schema_version": 0,
          "attributes": {
            "id": "ori88hhh8888888888698",
            "name": "Test Staging",
            "origin": "https://staging.example.com",
            "scopes": ["CORS", "REDIRECT"],
            "active": true
          },
          "sensitive_attributes": [],
          "private": "bnVsbA=="
        }
      ]
    },
    {
      "mode": "managed",
      "type": "okta_auth_server",
      "name": "test_api",
      "provider": "provider[\"registry.terraform.io/okta/okta\"]",
      "instances": [
        {
          "schema_version": 0,
          "attributes": {
            "audiences": ["https://api.example.com"],
            "description": "Test auth server for sync validation",
            "id": "aus99iii9999999999698",
            "issuer": "https://example-org.okta.com/oauth2/aus99iii9999999999698",
            "issuer_mode": "ORG_URL",
            "name": "Test API Server",
            "status": "ACTIVE"
          },
          "sensitive_attributes": [],
          "private": "bnVsbA=="
        }
      ]
    },
    {
      "mode": "managed",
      "type": "okta_auth_server_policy",
      "name": "test_default_policy",
      "provider": "provider[\"registry.terraform.io/okta/okta\"]",
      "instances": [
        {
          "schema_version": 0,
          "attributes": {
            "auth_server_id": "aus99iii9999999999698",
            "client_whitelist": ["ALL_CLIENTS"],
            "description": "Default test policy",
            "id": "00pAAjjjAAAAAAAAA698",
            "name": "Test Default Policy",
            "priority": 1,
            "status": "ACTIVE"
          },
          "sensitive_attributes": [],
          "private": "bnVsbA=="
        }
      ]
    },
    {
      "mode": "managed",
      "type": "okta_auth_server_policy_rule",
      "name": "test_default_rule",
      "provider": "provider[\"registry.terraform.io/okta/okta\"]",
      "instances": [
        {
          "schema_version": 0,
          "attributes": {
            "auth_server_id": "aus99iii9999999999698",
            "policy_id": "00pAAjjjAAAAAAAAA698",
            "id": "0prBBkkkBBBBBBBBB698",
            "name": "Test Default Rule",
            "priority": 1,
            "status": "ACTIVE",
            "grant_type_whitelist": ["authorization_code", "client_credentials"],
            "group_whitelist": ["EVERYONE"],
            "scope_whitelist": ["*"],
            "access_token_lifetime_minutes": 60
          },
          "sensitive_attributes": [],
          "private": "bnVsbA=="
        }
      ]
    },
    {
      "mode": "managed",
      "type": "okta_auth_server_scope",
      "name": "test_read",
      "provider": "provider[\"registry.terraform.io/okta/okta\"]",
      "instances": [
        {
          "schema_version": 0,
          "attributes": {
            "auth_server_id": "aus99iii9999999999698",
            "id": "scpCClllCCCCCCCCC698",
            "name": "test:read",
            "consent": "IMPLICIT",
            "default": false,
            "metadata_publish": "ALL_CLIENTS"
          },
          "sensitive_attributes": [],
          "private": "bnVsbA=="
        }
      ]
    },
    {
      "mode": "managed",
      "type": "okta_auth_server_scope",
      "name": "test_write",
      "provider": "provider[\"registry.terraform.io/okta/okta\"]",
      "instances": [
        {
          "schema_version": 0,
          "attributes": {
            "auth_server_id": "aus99iii9999999999698",
            "id": "scpDDmmmDDDDDDDDD698",
            "name": "test:write",
            "consent": "REQUIRED",
            "default": false,
            "metadata_publish": "ALL_CLIENTS"
          },
          "sensitive_attributes": [],
          "private": "bnVsbA=="
        }
      ]
    },
    {
      "mode": "managed",
      "type": "okta_auth_server_claim",
      "name": "test_groups_claim",
      "provider": "provider[\"registry.terraform.io/okta/okta\"]",
      "instances": [
        {
          "schema_version": 0,
          "attributes": {
            "auth_server_id": "aus99iii9999999999698",
            "id": "oclEEnnnEEEEEEEEE698",
            "name": "groups",
            "value": "Groups.startsWith(\"OKTA\",\"Test\",100)",
            "value_type": "EXPRESSION",
            "claim_type": "RESOURCE",
            "scopes": [],
            "always_include_in_token": true
          },
          "sensitive_attributes": [],
          "private": "bnVsbA=="
        }
      ]
    },
    {
      "mode": "managed",
      "type": "okta_policy_signon",
      "name": "test_signon",
      "provider": "provider[\"registry.terraform.io/okta/okta\"]",
      "instances": [
        {
          "schema_version": 0,
          "attributes": {
            "description": "Test sign-on policy for sync validation",
            "groups_included": ["EVERYONE"],
            "id": "00pFFoooFFFFFFFFF698",
            "name": "Test Sign-On Policy",
            "priority": 1,
            "status": "ACTIVE"
          },
          "sensitive_attributes": [],
          "private": "bnVsbA=="
        }
      ]
    },
    {
      "mode": "managed",
      "type": "okta_policy_rule_signon",
      "name": "test_signon_rule",
      "provider": "provider[\"registry.terraform.io/okta/okta\"]",
      "instances": [
        {
          "schema_version": 0,
          "attributes": {
            "id": "0prGGpppGGGGGGGGG698",
            "name": "Test Sign-On Rule",
            "policy_id": "00pFFoooFFFFFFFFF698",
            "priority": 1,
            "status": "ACTIVE",
            "access": "ALLOW"
          },
          "sensitive_attributes": [],
          "private": "bnVsbA=="
        }
      ]
    },
    {
      "mode": "managed",
      "type": "okta_policy_password",
      "name": "test_password",
      "provider": "provider[\"registry.terraform.io/okta/okta\"]",
      "instances": [
        {
          "schema_version": 0,
          "attributes": {
            "description": "Test password policy for sync validation",
            "groups_included": ["EVERYONE"],
            "id": "00pHHqqqHHHHHHHHH698",
            "name": "Test Password Policy",
            "priority": 1,
            "status": "INACTIVE"
          },
          "sensitive_attributes": [],
          "private": "bnVsbA=="
        }
      ]
    },
    {
      "mode": "managed",
      "type": "okta_policy_rule_password",
      "name": "test_password_rule",
      "provider": "provider[\"registry.terraform.io/okta/okta\"]",
      "instances": [
        {
          "schema_version": 0,
          "attributes": {
            "id": "0prIIrrrIIIIIIIII698",
            "name": "Test Password Rule",
            "policy_id": "00pHHqqqHHHHHHHHH698",
            "priority": 1,
            "status": "ACTIVE"
          },
          "sensitive_attributes": [],
          "private": "bnVsbA=="
        }
      ]
    }
  ],
  "check_results": null
}
