{
  "version": 4,
  "terraform_version": "1.14.9",
  "serial": 14,
  "lineage": "a1b2c3d4-5e6f-7890-abcd-ef1234567890",
  "outputs": {},
  "resources": [
    {
      "mode": "managed",
      "type": "okta_auth_server",
      "name": "api",
      "provider": "provider[\"registry.terraform.io/okta/okta\"]",
      "instances": [
        {
          "schema_version": 0,
          "attributes": {
            "audiences": ["https://api.example.com"],
            "description": "API auth server with multiple policies and rules",
            "id": "aus11aaa1111111111698",
            "issuer": "https://example-org.okta.com/oauth2/aus11aaa1111111111698",
            "issuer_mode": "ORG_URL",
            "name": "authFUN!",
            "status": "ACTIVE"
          },
          "sensitive_attributes": [],
          "private": "bnVsbA=="
        }
      ]
    },
    {
      "mode": "managed",
      "type": "okta_auth_server_policy",
      "name": "internal_apps",
      "provider": "provider[\"registry.terraform.io/okta/okta\"]",
      "instances": [
        {
          "schema_version": 0,
          "attributes": {
            "auth_server_id": "aus11aaa1111111111698",
            "client_whitelist": ["ALL_CLIENTS"],
            "description": "Policy for internal applications",
            "id": "00p22bbb2222222222698",
            "name": "Internal Apps",
            "priority": 1,
            "status": "ACTIVE"
          },
          "sensitive_attributes": [],
          "private": "bnVsbA=="
        }
      ]
    },
    {
      "mode": "managed",
      "type": "okta_auth_server_policy",
      "name": "external_apps",
      "provider": "provider[\"registry.terraform.io/okta/okta\"]",
      "instances": [
        {
          "schema_version": 0,
          "attributes": {
            "auth_server_id": "aus11aaa1111111111698",
            "client_whitelist": ["ALL_CLIENTS"],
            "description": "Policy for external/partner applications",
            "id": "00p33ccc3333333333698",
            "name": "External Apps",
            "priority": 2,
            "status": "ACTIVE"
          },
          "sensitive_attributes": [],
          "private": "bnVsbA=="
        }
      ]
    },
    {
      "mode": "managed",
      "type": "okta_auth_server_policy",
      "name": "service_accounts",
      "provider": "provider[\"registry.terraform.io/okta/okta\"]",
      "instances": [
        {
          "schema_version": 0,
          "attributes": {
            "auth_server_id": "aus11aaa1111111111698",
            "client_whitelist": ["ALL_CLIENTS"],
            "description": "Policy for machine-to-machine flows",
            "id": "00p44ddd4444444444698",
            "name": "Service Accounts",
            "priority": 3,
            "status": "ACTIVE"
          },
          "sensitive_attributes": [],
          "private": "bnVsbA=="
        }
      ]
    },
    {
      "mode": "managed",
      "type": "okta_auth_server_policy_rule",
      "name": "internal_admin",
      "provider": "provider[\"registry.terraform.io/okta/okta\"]",
      "instances": [
        {
          "schema_version": 0,
          "attributes": {
            "auth_server_id": "aus11aaa1111111111698",
            "policy_id": "00p22bbb2222222222698",
            "id": "0pr55eee5555555555698",
            "name": "Admin Access",
            "priority": 1,
            "status": "ACTIVE",
            "grant_type_whitelist": ["authorization_code"],
            "group_whitelist": ["EVERYONE"],
            "scope_whitelist": ["*"],
            "access_token_lifetime_minutes": 15
          },
          "sensitive_attributes": [],
          "private": "bnVsbA=="
        }
      ]
    },
    {
      "mode": "managed",
      "type": "okta_auth_server_policy_rule",
      "name": "internal_standard",
      "provider": "provider[\"registry.terraform.io/okta/okta\"]",
      "instances": [
        {
          "schema_version": 0,
          "attributes": {
            "auth_server_id": "aus11aaa1111111111698",
            "policy_id": "00p22bbb2222222222698",
            "id": "0pr66fff6666666666698",
            "name": "Standard Access",
            "priority": 2,
            "status": "ACTIVE",
            "grant_type_whitelist": ["authorization_code"],
            "group_whitelist": ["EVERYONE"],
            "scope_whitelist": ["*"],
            "access_token_lifetime_minutes": 60
          },
          "sensitive_attributes": [],
          "private": "bnVsbA=="
        }
      ]
    },
    {
      "mode": "managed",
      "type": "okta_auth_server_policy_rule",
      "name": "internal_readonly",
      "provider": "provider[\"registry.terraform.io/okta/okta\"]",
      "instances": [
        {
          "schema_version": 0,
          "attributes": {
            "auth_server_id": "aus11aaa1111111111698",
            "policy_id": "00p22bbb2222222222698",
            "id": "0pr77ggg7777777777698",
            "name": "Read-Only Access",
            "priority": 3,
            "status": "ACTIVE",
            "grant_type_whitelist": ["authorization_code"],
            "group_whitelist": ["EVERYONE"],
            "scope_whitelist": ["*"],
            "access_token_lifetime_minutes": 120
          },
          "sensitive_attributes": [],
          "private": "bnVsbA=="
        }
      ]
    },
    {
      "mode": "managed",
      "type": "okta_auth_server_policy_rule",
      "name": "external_oauth",
      "provider": "provider[\"registry.terraform.io/okta/okta\"]",
      "instances": [
        {
          "schema_version": 0,
          "attributes": {
            "auth_server_id": "aus11aaa1111111111698",
            "policy_id": "00p33ccc3333333333698",
            "id": "0pr88hhh8888888888698",
            "name": "OAuth Flow",
            "priority": 1,
            "status": "ACTIVE",
            "grant_type_whitelist": ["authorization_code"],
            "group_whitelist": ["EVERYONE"],
            "scope_whitelist": ["*"],
            "access_token_lifetime_minutes": 30
          },
          "sensitive_attributes": [],
          "private": "bnVsbA=="
        }
      ]
    },
    {
      "mode": "managed",
      "type": "okta_auth_server_policy_rule",
      "name": "external_limited",
      "provider": "provider[\"registry.terraform.io/okta/okta\"]",
      "instances": [
        {
          "schema_version": 0,
          "attributes": {
            "auth_server_id": "aus11aaa1111111111698",
            "policy_id": "00p33ccc3333333333698",
            "id": "0pr99iii9999999999698",
            "name": "Limited Access",
            "priority": 2,
            "status": "ACTIVE",
            "grant_type_whitelist": ["authorization_code"],
            "group_whitelist": ["EVERYONE"],
            "scope_whitelist": ["*"],
            "access_token_lifetime_minutes": 15
          },
          "sensitive_attributes": [],
          "private": "bnVsbA=="
        }
      ]
    },
    {
      "mode": "managed",
      "type": "okta_auth_server_policy_rule",
      "name": "service_m2m",
      "provider": "provider[\"registry.terraform.io/okta/okta\"]",
      "instances": [
        {
          "schema_version": 0,
          "attributes": {
            "auth_server_id": "aus11aaa1111111111698",
            "policy_id": "00p44ddd4444444444698",
            "id": "0prAAjjjAAAAAAAAA698",
            "name": "M2M Flow",
            "priority": 1,
            "status": "ACTIVE",
            "grant_type_whitelist": ["client_credentials"],
            "scope_whitelist": ["*"],
            "access_token_lifetime_minutes": 5
          },
          "sensitive_attributes": [],
          "private": "bnVsbA=="
        }
      ]
    },
    {
      "mode": "managed",
      "type": "okta_policy_signon",
      "name": "mfa_required",
      "provider": "provider[\"registry.terraform.io/okta/okta\"]",
      "instances": [
        {
          "schema_version": 0,
          "attributes": {
            "description": "Require MFA for sensitive groups",
            "groups_included": ["EVERYONE"],
            "id": "00pBBkkk0000000000698",
            "name": "MFA Required",
            "priority": 1,
            "status": "ACTIVE"
          },
          "sensitive_attributes": [],
          "private": "bnVsbA=="
        }
      ]
    },
    {
      "mode": "managed",
      "type": "okta_policy_signon",
      "name": "standard_access",
      "provider": "provider[\"registry.terraform.io/okta/okta\"]",
      "instances": [
        {
          "schema_version": 0,
          "attributes": {
            "description": "Standard sign-on policy",
            "groups_included": ["EVERYONE"],
            "id": "00pCClll1111111111698",
            "name": "Standard Access",
            "priority": 2,
            "status": "ACTIVE"
          },
          "sensitive_attributes": [],
          "private": "bnVsbA=="
        }
      ]
    },
    {
      "mode": "managed",
      "type": "okta_policy_rule_signon",
      "name": "mfa_always",
      "provider": "provider[\"registry.terraform.io/okta/okta\"]",
      "instances": [
        {
          "schema_version": 0,
          "attributes": {
            "id": "0prDDmmm2222222222698",
            "name": "Always MFA",
            "policy_id": "00pBBkkk0000000000698",
            "priority": 1,
            "status": "ACTIVE",
            "access": "ALLOW",
            "mfa_required": false,
            "session_lifetime": 120,
            "session_idle": 60,
            "session_persistent": false
          },
          "sensitive_attributes": [],
          "private": "bnVsbA=="
        }
      ]
    },
    {
      "mode": "managed",
      "type": "okta_policy_rule_signon",
      "name": "mfa_new_device",
      "provider": "provider[\"registry.terraform.io/okta/okta\"]",
      "instances": [
        {
          "schema_version": 0,
          "attributes": {
            "id": "0prEEnnn3333333333698",
            "name": "MFA on New Device",
            "policy_id": "00pBBkkk0000000000698",
            "priority": 2,
            "status": "ACTIVE",
            "access": "ALLOW",
            "mfa_required": false,
            "session_lifetime": 480,
            "session_idle": 120,
            "session_persistent": true
          },
          "sensitive_attributes": [],
          "private": "bnVsbA=="
        }
      ]
    },
    {
      "mode": "managed",
      "type": "okta_policy_rule_signon",
      "name": "mfa_catch_all",
      "provider": "provider[\"registry.terraform.io/okta/okta\"]",
      "instances": [
        {
          "schema_version": 0,
          "attributes": {
            "id": "0prFFooo4444444444698",
            "name": "Catch All",
            "policy_id": "00pBBkkk0000000000698",
            "priority": 3,
            "status": "ACTIVE",
            "access": "ALLOW",
            "mfa_required": false,
            "session_lifetime": 120,
            "session_idle": 60,
            "session_persistent": false
          },
          "sensitive_attributes": [],
          "private": "bnVsbA=="
        }
      ]
    },
    {
      "mode": "managed",
      "type": "okta_policy_rule_signon",
      "name": "standard_allow",
      "provider": "provider[\"registry.terraform.io/okta/okta\"]",
      "instances": [
        {
          "schema_version": 0,
          "attributes": {
            "id": "0prGGppp5555555555698",
            "name": "Allow All",
            "policy_id": "00pCClll1111111111698",
            "priority": 1,
            "status": "ACTIVE",
            "access": "ALLOW",
            "session_lifetime": 720,
            "session_idle": 120,
            "session_persistent": true
          },
          "sensitive_attributes": [],
          "private": "bnVsbA=="
        }
      ]
    }
  ],
  "check_results": null
}
